
Microsoft Visual Studio Solution File, Format Version 12.00
# Visual Studio Version 16
VisualStudioVersion = 16.0.29409.12
MinimumVisualStudioVersion = 10.0.40219.1
Project("{FAE04EC0-301F-11D3-BF4B-00C04F79EFBC}") = "Ex5", "Ex5\Ex5.csproj", "{C2CFC66E-0D63-4E21-8C05-40D39BC4968D}"
EndProject
Global
	GlobalSection(SolutionConfigurationPlatforms) = preSolution
		Debug|Any CPU = Debug|Any CPU
		Release|Any CPU = Release|Any CPU
	EndGlobalSection
	GlobalSection(ProjectConfigurationPlatforms) = postSolution
		{C2CFC66E-0D63-4E21-8C05-40D39BC4968D}.Debug|Any CPU.ActiveCfg = Debug|Any CPU
		{C2CFC66E-0D63-4E21-8C05-40D39BC4968D}.Debug|Any CPU.Build.0 = Debug|Any CPU
		{C2CFC66E-0D63-4E21-8C05-40D39BC4968D}.Release|Any CPU.ActiveCfg = Release|Any CPU
		{C2CFC66E-0D63-4E21-8C05-40D39BC4968D}.Release|Any CPU.Build.0 = Release|Any CPU
	EndGlobalSection
	GlobalSection(SolutionProperties) = preSolution
		HideSolutionNode = FALSE
	EndGlobalSection
	GlobalSection(ExtensibilityGlobals) = postSolution
		SolutionGuid = {6755119C-327A-47C8-B4CE-7DF67CD10BAA}
	EndGlobalSection
EndGlobal
